
Microsoft Visual Studio Solution File, Format Version 11.00
# Visual Studio 2010
Project("{FAE04EC0-301F-11D3-BF4B-00C04F79EFBC}") = "papiro", "papiro\papiro.csproj", "{CA37AA3A-6A09-4799-ACD8-0ECB68256AE7}"
EndProject
Project("{54435603-DBB4-11D2-8724-00A0C9A8B90C}") = "Papiro Publicitaria 1.2", "Papiro Publicitaria 1.2\Papiro Publicitaria 1.2.vdproj", "{0B48CDA9-FE1D-4134-9F55-0FAB2F508DEB}"
EndProject
Project("{FAE04EC0-301F-11D3-BF4B-00C04F79EFBC}") = "PrintableListView", "..\..\Printable ListView\TestSolution\PrintableListView\PrintableListView.csproj", "{00ACC77D-1901-4C7A-BB8F-8D0F364A58F3}"
EndProject
Global
	GlobalSection(SolutionConfigurationPlatforms) = preSolution
		Debug|Any CPU = Debug|Any CPU
		Debug|Mixed Platforms = Debug|Mixed Platforms
		Debug|x86 = Debug|x86
		Release|Any CPU = Release|Any CPU
		Release|Mixed Platforms = Release|Mixed Platforms
		Release|x86 = Release|x86
	EndGlobalSection
	GlobalSection(ProjectConfigurationPlatforms) = postSolution
		{CA37AA3A-6A09-4799-ACD8-0ECB68256AE7}.Debug|Any CPU.ActiveCfg = Debug|x86
		{CA37AA3A-6A09-4799-ACD8-0ECB68256AE7}.Debug|Mixed Platforms.ActiveCfg = Debug|x86
		{CA37AA3A-6A09-4799-ACD8-0ECB68256AE7}.Debug|Mixed Platforms.Build.0 = Debug|x86
		{CA37AA3A-6A09-4799-ACD8-0ECB68256AE7}.Debug|x86.ActiveCfg = Debug|x86
		{CA37AA3A-6A09-4799-ACD8-0ECB68256AE7}.Debug|x86.Build.0 = Debug|x86
		{CA37AA3A-6A09-4799-ACD8-0ECB68256AE7}.Release|Any CPU.ActiveCfg = Release|x86
		{CA37AA3A-6A09-4799-ACD8-0ECB68256AE7}.Release|Mixed Platforms.ActiveCfg = Release|x86
		{CA37AA3A-6A09-4799-ACD8-0ECB68256AE7}.Release|Mixed Platforms.Build.0 = Release|x86
		{CA37AA3A-6A09-4799-ACD8-0ECB68256AE7}.Release|x86.ActiveCfg = Release|x86
		{CA37AA3A-6A09-4799-ACD8-0ECB68256AE7}.Release|x86.Build.0 = Release|x86
		{0B48CDA9-FE1D-4134-9F55-0FAB2F508DEB}.Debug|Any CPU.ActiveCfg = Debug
		{0B48CDA9-FE1D-4134-9F55-0FAB2F508DEB}.Debug|Any CPU.Build.0 = Debug
		{0B48CDA9-FE1D-4134-9F55-0FAB2F508DEB}.Debug|Mixed Platforms.ActiveCfg = Debug
		{0B48CDA9-FE1D-4134-9F55-0FAB2F508DEB}.Debug|Mixed Platforms.Build.0 = Debug
		{0B48CDA9-FE1D-4134-9F55-0FAB2F508DEB}.Debug|x86.ActiveCfg = Debug
		{0B48CDA9-FE1D-4134-9F55-0FAB2F508DEB}.Release|Any CPU.ActiveCfg = Release
		{0B48CDA9-FE1D-4134-9F55-0FAB2F508DEB}.Release|Any CPU.Build.0 = Release
		{0B48CDA9-FE1D-4134-9F55-0FAB2F508DEB}.Release|Mixed Platforms.ActiveCfg = Release
		{0B48CDA9-FE1D-4134-9F55-0FAB2F508DEB}.Release|Mixed Platforms.Build.0 = Release
		{0B48CDA9-FE1D-4134-9F55-0FAB2F508DEB}.Release|x86.ActiveCfg = Release
		{00ACC77D-1901-4C7A-BB8F-8D0F364A58F3}.Debug|Any CPU.ActiveCfg = Debug|Any CPU
		{00ACC77D-1901-4C7A-BB8F-8D0F364A58F3}.Debug|Any CPU.Build.0 = Debug|Any CPU
		{00ACC77D-1901-4C7A-BB8F-8D0F364A58F3}.Debug|Mixed Platforms.ActiveCfg = Debug|Any CPU
		{00ACC77D-1901-4C7A-BB8F-8D0F364A58F3}.Debug|Mixed Platforms.Build.0 = Debug|Any CPU
		{00ACC77D-1901-4C7A-BB8F-8D0F364A58F3}.Debug|x86.ActiveCfg = Debug|Any CPU
		{00ACC77D-1901-4C7A-BB8F-8D0F364A58F3}.Release|Any CPU.ActiveCfg = Release|Any CPU
		{00ACC77D-1901-4C7A-BB8F-8D0F364A58F3}.Release|Any CPU.Build.0 = Release|Any CPU
		{00ACC77D-1901-4C7A-BB8F-8D0F364A58F3}.Release|Mixed Platforms.ActiveCfg = Release|Any CPU
		{00ACC77D-1901-4C7A-BB8F-8D0F364A58F3}.Release|Mixed Platforms.Build.0 = Release|Any CPU
		{00ACC77D-1901-4C7A-BB8F-8D0F364A58F3}.Release|x86.ActiveCfg = Release|Any CPU
	EndGlobalSection
	GlobalSection(SolutionProperties) = preSolution
		HideSolutionNode = FALSE
	EndGlobalSection
EndGlobal
